# This file is automatically @generated by Cargo.
# It is not intended for manual editing.
version = 4

[[package]]
name = "millipede"
version = "0.1.0"
dependencies = [
 "millipede-browser",
 "millipede-browser-chromiumoxide",
 "millipede-core",
 "millipede-fingerprint",
 "millipede-html",
 "millipede-http",
 "millipede-storage-fs",
 "millipede-storage-memory",
]

[[package]]
name = "millipede-browser"
version = "0.1.0"

[[package]]
name = "millipede-browser-chromiumoxide"
version = "0.1.0"

[[package]]
name = "millipede-core"
version = "0.1.0"

[[package]]
name = "millipede-fingerprint"
version = "0.1.0"

[[package]]
name = "millipede-html"
version = "0.1.0"

[[package]]
name = "millipede-http"
version = "0.1.0"

[[package]]
name = "millipede-storage-fs"
version = "0.1.0"

[[package]]
name = "millipede-storage-memory"
version = "0.1.0"
